
Microsoft Visual Studio Solution File, Format Version 12.00
# Visual Studio 14
VisualStudioVersion = 14.0.23107.0
MinimumVisualStudioVersion = 10.0.40219.1
Project("{2150E333-8FDC-42A3-9474-1A3956D46DE8}") = "lib", "lib", "{AA842D95-A0BA-4C94-AA2A-24E3FD9D01B7}"
EndProject
Project("{2150E333-8FDC-42A3-9474-1A3956D46DE8}") = "demos", "demos", "{A5277903-157F-4007-BAA2-9850941096E9}"
EndProject
Project("{FAE04EC0-301F-11D3-BF4B-00C04F79EFBC}") = "NReact.SL.Demo", "Demos\NReact.SL.Demo\NReact.SL.Demo.csproj", "{018CABD4-DAD9-441F-AB2D-34C88254F7BB}"
EndProject
Project("{FAE04EC0-301F-11D3-BF4B-00C04F79EFBC}") = "NReact.WPF.Demo", "Demos\NReact.WPF.Demo\NReact.WPF.Demo.csproj", "{3CEB865C-79BA-4FDF-A1E4-4CD8A7F346EF}"
EndProject
Project("{FAE04EC0-301F-11D3-BF4B-00C04F79EFBC}") = "NReact.WPF.Timer", "Demos\NReact.WPF.Timer\NReact.WPF.Timer.csproj", "{AD73CCD1-E552-483E-B4B3-B9CD57FFBA65}"
EndProject
Project("{FAE04EC0-301F-11D3-BF4B-00C04F79EFBC}") = "NReact.WPF.ToDo", "Demos\NReact.WPF.ToDo\NReact.WPF.ToDo.csproj", "{6661EE79-E3DE-423B-941C-DBC3DD29EFED}"
EndProject
Project("{FAE04EC0-301F-11D3-BF4B-00C04F79EFBC}") = "NReact.Xaml.Demo.Windows", "Demos\NReact.Xaml.Demo.Windows\NReact.Xaml.Demo.Windows.csproj", "{9C30A46B-3567-42B0-ACAD-F4F3B0FAF428}"
EndProject
Project("{FAE04EC0-301F-11D3-BF4B-00C04F79EFBC}") = "NReact.Xaml.Demo.WindowsPhone", "Demos\NReact.Xaml.Demo.WindowsPhone\NReact.Xaml.Demo.WindowsPhone.csproj", "{B0D4D203-CB6F-4AB6-B910-57204E6C8AE6}"
EndProject
Project("{D954291E-2A0B-460D-934E-DC6B0785DB48}") = "NReact.Shared", "NReact\NReact.Shared.shproj", "{9F6B0BCE-408C-4008-80D2-8A8C2C38020D}"
EndProject
Project("{FAE04EC0-301F-11D3-BF4B-00C04F79EFBC}") = "NReact.SL", "NReact.SL\NReact.SL.csproj", "{84C800AD-0C5A-4CCE-A987-28E9973912C6}"
EndProject
Project("{FAE04EC0-301F-11D3-BF4B-00C04F79EFBC}") = "NReact.UWP", "NReact.UWP\NReact.UWP.csproj", "{FB08A19F-FCFD-408C-BAE2-87793C0965CA}"
EndProject
Project("{FAE04EC0-301F-11D3-BF4B-00C04F79EFBC}") = "NReact.WPF", "NReact.WPF\NReact.WPF.csproj", "{57CE1738-86EF-4C8E-B07C-9CF17948C7BC}"
EndProject
Project("{FAE04EC0-301F-11D3-BF4B-00C04F79EFBC}") = "NReact.Xaml", "NReact.Xaml\NReact.Xaml.csproj", "{22E2A258-08BE-4424-86D1-E6192B4FDDFC}"
EndProject
Project("{FAE04EC0-301F-11D3-BF4B-00C04F79EFBC}") = "NReact.UWP.Demo", "demos\NReact.UWP.Demo\NReact.UWP.Demo.csproj", "{C437902E-73B6-4690-96B0-D9DD2FC2D71A}"
EndProject
Global
	GlobalSection(SharedMSBuildProjectFiles) = preSolution
		NReact\NReact.Shared.projitems*{fb08a19f-fcfd-408c-bae2-87793c0965ca}*SharedItemsImports = 4
		NReact\NReact.Shared.projitems*{22e2a258-08be-4424-86d1-e6192b4fddfc}*SharedItemsImports = 4
		NReact\NReact.Shared.projitems*{57ce1738-86ef-4c8e-b07c-9cf17948c7bc}*SharedItemsImports = 4
		NReact\NReact.Shared.projitems*{9f6b0bce-408c-4008-80d2-8a8c2c38020d}*SharedItemsImports = 13
	EndGlobalSection
	GlobalSection(SolutionConfigurationPlatforms) = preSolution
		Debug Release|Any CPU = Debug Release|Any CPU
		Debug|Any CPU = Debug|Any CPU
		Release|Any CPU = Release|Any CPU
	EndGlobalSection
	GlobalSection(ProjectConfigurationPlatforms) = postSolution
		{018CABD4-DAD9-441F-AB2D-34C88254F7BB}.Debug Release|Any CPU.ActiveCfg = Release|Any CPU
		{018CABD4-DAD9-441F-AB2D-34C88254F7BB}.Debug Release|Any CPU.Build.0 = Release|Any CPU
		{018CABD4-DAD9-441F-AB2D-34C88254F7BB}.Debug|Any CPU.ActiveCfg = Debug|Any CPU
		{018CABD4-DAD9-441F-AB2D-34C88254F7BB}.Debug|Any CPU.Build.0 = Debug|Any CPU
		{018CABD4-DAD9-441F-AB2D-34C88254F7BB}.Release|Any CPU.ActiveCfg = Release|Any CPU
		{018CABD4-DAD9-441F-AB2D-34C88254F7BB}.Release|Any CPU.Build.0 = Release|Any CPU
		{3CEB865C-79BA-4FDF-A1E4-4CD8A7F346EF}.Debug Release|Any CPU.ActiveCfg = Release|Any CPU
		{3CEB865C-79BA-4FDF-A1E4-4CD8A7F346EF}.Debug Release|Any CPU.Build.0 = Release|Any CPU
		{3CEB865C-79BA-4FDF-A1E4-4CD8A7F346EF}.Debug|Any CPU.ActiveCfg = Debug|Any CPU
		{3CEB865C-79BA-4FDF-A1E4-4CD8A7F346EF}.Debug|Any CPU.Build.0 = Debug|Any CPU
		{3CEB865C-79BA-4FDF-A1E4-4CD8A7F346EF}.Release|Any CPU.ActiveCfg = Release|Any CPU
		{3CEB865C-79BA-4FDF-A1E4-4CD8A7F346EF}.Release|Any CPU.Build.0 = Release|Any CPU
		{AD73CCD1-E552-483E-B4B3-B9CD57FFBA65}.Debug Release|Any CPU.ActiveCfg = Release|Any CPU
		{AD73CCD1-E552-483E-B4B3-B9CD57FFBA65}.Debug Release|Any CPU.Build.0 = Release|Any CPU
		{AD73CCD1-E552-483E-B4B3-B9CD57FFBA65}.Debug|Any CPU.ActiveCfg = Debug|Any CPU
		{AD73CCD1-E552-483E-B4B3-B9CD57FFBA65}.Debug|Any CPU.Build.0 = Debug|Any CPU
		{AD73CCD1-E552-483E-B4B3-B9CD57FFBA65}.Release|Any CPU.ActiveCfg = Release|Any CPU
		{AD73CCD1-E552-483E-B4B3-B9CD57FFBA65}.Release|Any CPU.Build.0 = Release|Any CPU
		{6661EE79-E3DE-423B-941C-DBC3DD29EFED}.Debug Release|Any CPU.ActiveCfg = Release|Any CPU
		{6661EE79-E3DE-423B-941C-DBC3DD29EFED}.Debug Release|Any CPU.Build.0 = Release|Any CPU
		{6661EE79-E3DE-423B-941C-DBC3DD29EFED}.Debug|Any CPU.ActiveCfg = Debug|Any CPU
		{6661EE79-E3DE-423B-941C-DBC3DD29EFED}.Debug|Any CPU.Build.0 = Debug|Any CPU
		{6661EE79-E3DE-423B-941C-DBC3DD29EFED}.Release|Any CPU.ActiveCfg = Release|Any CPU
		{6661EE79-E3DE-423B-941C-DBC3DD29EFED}.Release|Any CPU.Build.0 = Release|Any CPU
		{9C30A46B-3567-42B0-ACAD-F4F3B0FAF428}.Debug Release|Any CPU.ActiveCfg = Release|Any CPU
		{9C30A46B-3567-42B0-ACAD-F4F3B0FAF428}.Debug Release|Any CPU.Build.0 = Release|Any CPU
		{9C30A46B-3567-42B0-ACAD-F4F3B0FAF428}.Debug Release|Any CPU.Deploy.0 = Release|Any CPU
		{9C30A46B-3567-42B0-ACAD-F4F3B0FAF428}.Debug|Any CPU.ActiveCfg = Debug|Any CPU
		{9C30A46B-3567-42B0-ACAD-F4F3B0FAF428}.Debug|Any CPU.Build.0 = Debug|Any CPU
		{9C30A46B-3567-42B0-ACAD-F4F3B0FAF428}.Debug|Any CPU.Deploy.0 = Debug|Any CPU
		{9C30A46B-3567-42B0-ACAD-F4F3B0FAF428}.Release|Any CPU.ActiveCfg = Release|Any CPU
		{9C30A46B-3567-42B0-ACAD-F4F3B0FAF428}.Release|Any CPU.Build.0 = Release|Any CPU
		{9C30A46B-3567-42B0-ACAD-F4F3B0FAF428}.Release|Any CPU.Deploy.0 = Release|Any CPU
		{B0D4D203-CB6F-4AB6-B910-57204E6C8AE6}.Debug Release|Any CPU.ActiveCfg = Release|Any CPU
		{B0D4D203-CB6F-4AB6-B910-57204E6C8AE6}.Debug Release|Any CPU.Build.0 = Release|Any CPU
		{B0D4D203-CB6F-4AB6-B910-57204E6C8AE6}.Debug Release|Any CPU.Deploy.0 = Release|Any CPU
		{B0D4D203-CB6F-4AB6-B910-57204E6C8AE6}.Debug|Any CPU.ActiveCfg = Debug|Any CPU
		{B0D4D203-CB6F-4AB6-B910-57204E6C8AE6}.Debug|Any CPU.Build.0 = Debug|Any CPU
		{B0D4D203-CB6F-4AB6-B910-57204E6C8AE6}.Debug|Any CPU.Deploy.0 = Debug|Any CPU
		{B0D4D203-CB6F-4AB6-B910-57204E6C8AE6}.Release|Any CPU.ActiveCfg = Release|Any CPU
		{B0D4D203-CB6F-4AB6-B910-57204E6C8AE6}.Release|Any CPU.Build.0 = Release|Any CPU
		{B0D4D203-CB6F-4AB6-B910-57204E6C8AE6}.Release|Any CPU.Deploy.0 = Release|Any CPU
		{84C800AD-0C5A-4CCE-A987-28E9973912C6}.Debug Release|Any CPU.ActiveCfg = Release|Any CPU
		{84C800AD-0C5A-4CCE-A987-28E9973912C6}.Debug Release|Any CPU.Build.0 = Release|Any CPU
		{84C800AD-0C5A-4CCE-A987-28E9973912C6}.Debug|Any CPU.ActiveCfg = Debug|Any CPU
		{84C800AD-0C5A-4CCE-A987-28E9973912C6}.Debug|Any CPU.Build.0 = Debug|Any CPU
		{84C800AD-0C5A-4CCE-A987-28E9973912C6}.Release|Any CPU.ActiveCfg = Release|Any CPU
		{84C800AD-0C5A-4CCE-A987-28E9973912C6}.Release|Any CPU.Build.0 = Release|Any CPU
		{FB08A19F-FCFD-408C-BAE2-87793C0965CA}.Debug Release|Any CPU.ActiveCfg = Release|Any CPU
		{FB08A19F-FCFD-408C-BAE2-87793C0965CA}.Debug Release|Any CPU.Build.0 = Release|Any CPU
		{FB08A19F-FCFD-408C-BAE2-87793C0965CA}.Debug|Any CPU.ActiveCfg = Debug|Any CPU
		{FB08A19F-FCFD-408C-BAE2-87793C0965CA}.Debug|Any CPU.Build.0 = Debug|Any CPU
		{FB08A19F-FCFD-408C-BAE2-87793C0965CA}.Release|Any CPU.ActiveCfg = Release|Any CPU
		{FB08A19F-FCFD-408C-BAE2-87793C0965CA}.Release|Any CPU.Build.0 = Release|Any CPU
		{57CE1738-86EF-4C8E-B07C-9CF17948C7BC}.Debug Release|Any CPU.ActiveCfg = Release|Any CPU
		{57CE1738-86EF-4C8E-B07C-9CF17948C7BC}.Debug Release|Any CPU.Build.0 = Release|Any CPU
		{57CE1738-86EF-4C8E-B07C-9CF17948C7BC}.Debug|Any CPU.ActiveCfg = Debug|Any CPU
		{57CE1738-86EF-4C8E-B07C-9CF17948C7BC}.Debug|Any CPU.Build.0 = Debug|Any CPU
		{57CE1738-86EF-4C8E-B07C-9CF17948C7BC}.Release|Any CPU.ActiveCfg = Release|Any CPU
		{57CE1738-86EF-4C8E-B07C-9CF17948C7BC}.Release|Any CPU.Build.0 = Release|Any CPU
		{22E2A258-08BE-4424-86D1-E6192B4FDDFC}.Debug Release|Any CPU.ActiveCfg = Release|Any CPU
		{22E2A258-08BE-4424-86D1-E6192B4FDDFC}.Debug Release|Any CPU.Build.0 = Release|Any CPU
		{22E2A258-08BE-4424-86D1-E6192B4FDDFC}.Debug|Any CPU.ActiveCfg = Debug|Any CPU
		{22E2A258-08BE-4424-86D1-E6192B4FDDFC}.Debug|Any CPU.Build.0 = Debug|Any CPU
		{22E2A258-08BE-4424-86D1-E6192B4FDDFC}.Release|Any CPU.ActiveCfg = Release|Any CPU
		{22E2A258-08BE-4424-86D1-E6192B4FDDFC}.Release|Any CPU.Build.0 = Release|Any CPU
		{C437902E-73B6-4690-96B0-D9DD2FC2D71A}.Debug Release|Any CPU.ActiveCfg = Debug Release|x86
		{C437902E-73B6-4690-96B0-D9DD2FC2D71A}.Debug Release|Any CPU.Build.0 = Debug Release|x86
		{C437902E-73B6-4690-96B0-D9DD2FC2D71A}.Debug Release|Any CPU.Deploy.0 = Debug Release|x86
		{C437902E-73B6-4690-96B0-D9DD2FC2D71A}.Debug|Any CPU.ActiveCfg = Debug Release|x86
		{C437902E-73B6-4690-96B0-D9DD2FC2D71A}.Debug|Any CPU.Build.0 = Debug Release|x86
		{C437902E-73B6-4690-96B0-D9DD2FC2D71A}.Debug|Any CPU.Deploy.0 = Debug Release|x86
		{C437902E-73B6-4690-96B0-D9DD2FC2D71A}.Release|Any CPU.ActiveCfg = Release|x86
		{C437902E-73B6-4690-96B0-D9DD2FC2D71A}.Release|Any CPU.Build.0 = Release|x86
		{C437902E-73B6-4690-96B0-D9DD2FC2D71A}.Release|Any CPU.Deploy.0 = Release|x86
	EndGlobalSection
	GlobalSection(SolutionProperties) = preSolution
		HideSolutionNode = FALSE
	EndGlobalSection
	GlobalSection(NestedProjects) = preSolution
		{018CABD4-DAD9-441F-AB2D-34C88254F7BB} = {A5277903-157F-4007-BAA2-9850941096E9}
		{3CEB865C-79BA-4FDF-A1E4-4CD8A7F346EF} = {A5277903-157F-4007-BAA2-9850941096E9}
		{AD73CCD1-E552-483E-B4B3-B9CD57FFBA65} = {A5277903-157F-4007-BAA2-9850941096E9}
		{6661EE79-E3DE-423B-941C-DBC3DD29EFED} = {A5277903-157F-4007-BAA2-9850941096E9}
		{9C30A46B-3567-42B0-ACAD-F4F3B0FAF428} = {A5277903-157F-4007-BAA2-9850941096E9}
		{B0D4D203-CB6F-4AB6-B910-57204E6C8AE6} = {A5277903-157F-4007-BAA2-9850941096E9}
		{9F6B0BCE-408C-4008-80D2-8A8C2C38020D} = {AA842D95-A0BA-4C94-AA2A-24E3FD9D01B7}
		{84C800AD-0C5A-4CCE-A987-28E9973912C6} = {AA842D95-A0BA-4C94-AA2A-24E3FD9D01B7}
		{FB08A19F-FCFD-408C-BAE2-87793C0965CA} = {AA842D95-A0BA-4C94-AA2A-24E3FD9D01B7}
		{57CE1738-86EF-4C8E-B07C-9CF17948C7BC} = {AA842D95-A0BA-4C94-AA2A-24E3FD9D01B7}
		{22E2A258-08BE-4424-86D1-E6192B4FDDFC} = {AA842D95-A0BA-4C94-AA2A-24E3FD9D01B7}
		{C437902E-73B6-4690-96B0-D9DD2FC2D71A} = {A5277903-157F-4007-BAA2-9850941096E9}
	EndGlobalSection
EndGlobal
