
Microsoft Visual Studio Solution File, Format Version 12.00
# Visual Studio 14
VisualStudioVersion = 14.0.25420.1
MinimumVisualStudioVersion = 10.0.40219.1
Project("{FAE04EC0-301F-11D3-BF4B-00C04F79EFBC}") = "NReact.WPF", "NReact.WPF\NReact.WPF.csproj", "{0119133B-D40A-49B5-B185-68E883A23779}"
	ProjectSection(ProjectDependencies) = postProject
		{9064CC14-B0A0-43E2-89D0-4E2995B6339C} = {9064CC14-B0A0-43E2-89D0-4E2995B6339C}
	EndProjectSection
EndProject
Project("{FAE04EC0-301F-11D3-BF4B-00C04F79EFBC}") = "NReact.SL", "NReact.SL\NReact.SL.csproj", "{F0AB26E1-13EC-4883-BAC8-4B6CD2557905}"
	ProjectSection(ProjectDependencies) = postProject
		{60F7BD8E-712A-427A-B7E1-378AB275131B} = {60F7BD8E-712A-427A-B7E1-378AB275131B}
	EndProjectSection
EndProject
Project("{FAE04EC0-301F-11D3-BF4B-00C04F79EFBC}") = "NReact.Demo1.WPF", "demos\NReact2.Demo1.WPF\NReact.Demo1.WPF.csproj", "{1EBA2451-C372-4BF9-B6EF-DD1E603C5F52}"
EndProject
Project("{FAE04EC0-301F-11D3-BF4B-00C04F79EFBC}") = "NReact.Generator.WPF", "generators\NReact.Generator.WPF\NReact.Generator.WPF.csproj", "{9064CC14-B0A0-43E2-89D0-4E2995B6339C}"
EndProject
Project("{FAE04EC0-301F-11D3-BF4B-00C04F79EFBC}") = "NReact.Generator.SL", "generators\NReact.Generator.SL\NReact.Generator.SL.csproj", "{60F7BD8E-712A-427A-B7E1-378AB275131B}"
EndProject
Project("{FAE04EC0-301F-11D3-BF4B-00C04F79EFBC}") = "NReact.Demo1.SL", "demos\NReact2.Demo1.SL\NReact.Demo1.SL.csproj", "{30E6AB0B-B6B1-4A04-91DE-5DE55D4A70BC}"
EndProject
Project("{2150E333-8FDC-42A3-9474-1A3956D46DE8}") = "Generators", "Generators", "{31F30E1D-A789-4434-8B51-265E9B4646A6}"
EndProject
Project("{2150E333-8FDC-42A3-9474-1A3956D46DE8}") = "Demos", "Demos", "{065ECD0B-E95E-4575-9A9F-087DBA2F7464}"
EndProject
Project("{2150E333-8FDC-42A3-9474-1A3956D46DE8}") = "Libs", "Libs", "{3BFD11C5-EFD8-40E8-82EC-E3FA9B433E57}"
EndProject
Project("{D954291E-2A0B-460D-934E-DC6B0785DB48}") = "NReact.Shared", "NReact\NReact.Shared.shproj", "{15FB086D-8A41-4931-8D1F-DA0D673E2C23}"
EndProject
Project("{FAE04EC0-301F-11D3-BF4B-00C04F79EFBC}") = "NReact.Generator.WRT.Phone", "generators\NReact.Generator.WRT.Phone\NReact.Generator.WRT.Phone.csproj", "{AD57F0ED-E3EC-4FF4-8EC6-0169E8816E8F}"
EndProject
Project("{FAE04EC0-301F-11D3-BF4B-00C04F79EFBC}") = "NReact.Generator.UWP", "generators\NReact.Generator.UWP\NReact.Generator.UWP.csproj", "{B4E3269A-4415-4F65-9F8E-0EE627152DDE}"
EndProject
Project("{FAE04EC0-301F-11D3-BF4B-00C04F79EFBC}") = "NReact.UWP", "NReact.UWP\NReact.UWP.csproj", "{A398F08A-E1BC-4B37-A5BF-EDCE1F6F3597}"
EndProject
Project("{FAE04EC0-301F-11D3-BF4B-00C04F79EFBC}") = "NReact.Generator.WRT", "generators\NReact.Generator.WRT\NReact.Generator.WRT.csproj", "{D1E9768F-D04E-464A-ABFD-D07F207366A3}"
EndProject
Project("{FAE04EC0-301F-11D3-BF4B-00C04F79EFBC}") = "NReact.WRT.Phone", "NReact.WRT.Phone\NReact.WRT.Phone.csproj", "{F4FFFF5D-0558-4828-9F13-D596515C89C0}"
EndProject
Project("{FAE04EC0-301F-11D3-BF4B-00C04F79EFBC}") = "NReact.WRT", "NReact.WRT\NReact.WRT.csproj", "{A121D686-CFC4-4A9D-AF55-D9CB1BF0DCDF}"
EndProject
Project("{FAE04EC0-301F-11D3-BF4B-00C04F79EFBC}") = "NReact.Demo1.UWP", "demos\NReact2.Demo1.UWP\NReact.Demo1.UWP.csproj", "{E0D9A574-FA78-4F7C-9216-9D79B8B61E9B}"
EndProject
Project("{FAE04EC0-301F-11D3-BF4B-00C04F79EFBC}") = "0. Todo.Wpf", "demos.old\0. Todo.Wpf\0. Todo.Wpf.csproj", "{97DAD547-52EA-4F8D-87FA-C78A87C98BB7}"
EndProject
Project("{FAE04EC0-301F-11D3-BF4B-00C04F79EFBC}") = "1. Timer.Wpf", "demos.old\1. Timer.Wpf\1. Timer.Wpf.csproj", "{F1C545B2-0563-4F9C-8C32-498D4FF0C42B}"
EndProject
Project("{FAE04EC0-301F-11D3-BF4B-00C04F79EFBC}") = "2. MenuDemo.Wpf", "demos.old\2. MenuExample.Wpf\2. MenuDemo.Wpf.csproj", "{9E761F7C-A91A-4F00-9ED1-3F01EC012453}"
EndProject
Project("{FAE04EC0-301F-11D3-BF4B-00C04F79EFBC}") = "3. OrderForm.Wpf", "demos.old\3. OrderForm.Wpf\3. OrderForm.Wpf.csproj", "{BB8683C4-33FC-4303-815F-316CDA4D5465}"
EndProject
Project("{FAE04EC0-301F-11D3-BF4B-00C04F79EFBC}") = "NReact.Demo2.SL", "demos.old\NReact.SL.Demo\NReact.Demo2.SL.csproj", "{018CABD4-DAD9-441F-AB2D-34C88254F7BB}"
EndProject
Project("{FAE04EC0-301F-11D3-BF4B-00C04F79EFBC}") = "NReact.Droid", "NReact.Droid\NReact.Droid.csproj", "{1E5EDFFF-C231-48BB-941D-32D3B20B1C47}"
EndProject
Project("{FAE04EC0-301F-11D3-BF4B-00C04F79EFBC}") = "NReact.iOS", "NReact.iOS\NReact.iOS.csproj", "{2D7A74B5-0089-4FF3-BE7C-515B691B008B}"
EndProject
Project("{FAE04EC0-301F-11D3-BF4B-00C04F79EFBC}") = "NReact.XForms", "NReact.XForms\NReact.XForms.csproj", "{67F9D3A8-F71E-4428-913F-C37AE82CDB24}"
EndProject
Project("{FAE04EC0-301F-11D3-BF4B-00C04F79EFBC}") = "NReact.Generator.Droid", "generators\NReact.Generator.Droid\NReact.Generator.Droid.csproj", "{BE219E7A-620D-4149-9637-131783C4CEDC}"
EndProject
Project("{FAE04EC0-301F-11D3-BF4B-00C04F79EFBC}") = "NReact.Generator.XForms", "generators\NReact.Generator.XForms\NReact.Generator.XForms.csproj", "{F67018EC-4798-4778-BD88-8B115CA29A0D}"
EndProject
Project("{FAE04EC0-301F-11D3-BF4B-00C04F79EFBC}") = "NReact.Generator.iOS", "generators\NReact.Generator.iOS\NReact.Generator.iOS.csproj", "{6F0EF4DE-FAB7-4A6D-9ED7-4886DFD57557}"
EndProject
Project("{2150E333-8FDC-42A3-9474-1A3956D46DE8}") = "Disabled", "Disabled", "{1B22680A-768D-4410-9123-37E3AB79E554}"
EndProject
Project("{2150E333-8FDC-42A3-9474-1A3956D46DE8}") = "Disabled", "Disabled", "{4278E221-78C0-4647-87F7-4E1BA79AB546}"
EndProject
Global
	GlobalSection(SharedMSBuildProjectFiles) = preSolution
		NReact\NReact.projitems*{0119133b-d40a-49b5-b185-68e883a23779}*SharedItemsImports = 4
		NReact\NReact.projitems*{15fb086d-8a41-4931-8d1f-da0d673e2c23}*SharedItemsImports = 13
		NReact\NReact.projitems*{1e5edfff-c231-48bb-941d-32d3b20b1c47}*SharedItemsImports = 4
		NReact\NReact.projitems*{2d7a74b5-0089-4ff3-be7c-515b691b008b}*SharedItemsImports = 4
		NReact\NReact.projitems*{67f9d3a8-f71e-4428-913f-c37ae82cdb24}*SharedItemsImports = 4
		NReact\NReact.projitems*{a121d686-cfc4-4a9d-af55-d9cb1bf0dcdf}*SharedItemsImports = 4
		NReact\NReact.projitems*{a398f08a-e1bc-4b37-a5bf-edce1f6f3597}*SharedItemsImports = 4
		NReact\NReact.projitems*{f4ffff5d-0558-4828-9f13-d596515c89c0}*SharedItemsImports = 4
	EndGlobalSection
	GlobalSection(SolutionConfigurationPlatforms) = preSolution
		Debug|Any CPU = Debug|Any CPU
		Deploy|Any CPU = Deploy|Any CPU
		Release|Any CPU = Release|Any CPU
	EndGlobalSection
	GlobalSection(ProjectConfigurationPlatforms) = postSolution
		{0119133B-D40A-49B5-B185-68E883A23779}.Debug|Any CPU.ActiveCfg = Debug|Any CPU
		{0119133B-D40A-49B5-B185-68E883A23779}.Debug|Any CPU.Build.0 = Debug|Any CPU
		{0119133B-D40A-49B5-B185-68E883A23779}.Deploy|Any CPU.ActiveCfg = Release|Any CPU
		{0119133B-D40A-49B5-B185-68E883A23779}.Deploy|Any CPU.Build.0 = Release|Any CPU
		{0119133B-D40A-49B5-B185-68E883A23779}.Release|Any CPU.ActiveCfg = Release|Any CPU
		{0119133B-D40A-49B5-B185-68E883A23779}.Release|Any CPU.Build.0 = Release|Any CPU
		{F0AB26E1-13EC-4883-BAC8-4B6CD2557905}.Debug|Any CPU.ActiveCfg = Debug|Any CPU
		{F0AB26E1-13EC-4883-BAC8-4B6CD2557905}.Debug|Any CPU.Build.0 = Debug|Any CPU
		{F0AB26E1-13EC-4883-BAC8-4B6CD2557905}.Deploy|Any CPU.ActiveCfg = Release|Any CPU
		{F0AB26E1-13EC-4883-BAC8-4B6CD2557905}.Deploy|Any CPU.Build.0 = Release|Any CPU
		{F0AB26E1-13EC-4883-BAC8-4B6CD2557905}.Release|Any CPU.ActiveCfg = Release|Any CPU
		{F0AB26E1-13EC-4883-BAC8-4B6CD2557905}.Release|Any CPU.Build.0 = Release|Any CPU
		{1EBA2451-C372-4BF9-B6EF-DD1E603C5F52}.Debug|Any CPU.ActiveCfg = Debug|Any CPU
		{1EBA2451-C372-4BF9-B6EF-DD1E603C5F52}.Debug|Any CPU.Build.0 = Debug|Any CPU
		{1EBA2451-C372-4BF9-B6EF-DD1E603C5F52}.Deploy|Any CPU.ActiveCfg = Release|Any CPU
		{1EBA2451-C372-4BF9-B6EF-DD1E603C5F52}.Release|Any CPU.ActiveCfg = Release|Any CPU
		{1EBA2451-C372-4BF9-B6EF-DD1E603C5F52}.Release|Any CPU.Build.0 = Release|Any CPU
		{9064CC14-B0A0-43E2-89D0-4E2995B6339C}.Debug|Any CPU.ActiveCfg = Debug|Any CPU
		{9064CC14-B0A0-43E2-89D0-4E2995B6339C}.Debug|Any CPU.Build.0 = Debug|Any CPU
		{9064CC14-B0A0-43E2-89D0-4E2995B6339C}.Deploy|Any CPU.ActiveCfg = Release|Any CPU
		{9064CC14-B0A0-43E2-89D0-4E2995B6339C}.Release|Any CPU.ActiveCfg = Release|Any CPU
		{9064CC14-B0A0-43E2-89D0-4E2995B6339C}.Release|Any CPU.Build.0 = Release|Any CPU
		{60F7BD8E-712A-427A-B7E1-378AB275131B}.Debug|Any CPU.ActiveCfg = Debug|Any CPU
		{60F7BD8E-712A-427A-B7E1-378AB275131B}.Debug|Any CPU.Build.0 = Debug|Any CPU
		{60F7BD8E-712A-427A-B7E1-378AB275131B}.Deploy|Any CPU.ActiveCfg = Release|Any CPU
		{60F7BD8E-712A-427A-B7E1-378AB275131B}.Release|Any CPU.ActiveCfg = Release|Any CPU
		{60F7BD8E-712A-427A-B7E1-378AB275131B}.Release|Any CPU.Build.0 = Release|Any CPU
		{30E6AB0B-B6B1-4A04-91DE-5DE55D4A70BC}.Debug|Any CPU.ActiveCfg = Debug|Any CPU
		{30E6AB0B-B6B1-4A04-91DE-5DE55D4A70BC}.Debug|Any CPU.Build.0 = Debug|Any CPU
		{30E6AB0B-B6B1-4A04-91DE-5DE55D4A70BC}.Deploy|Any CPU.ActiveCfg = Release|Any CPU
		{30E6AB0B-B6B1-4A04-91DE-5DE55D4A70BC}.Release|Any CPU.ActiveCfg = Release|Any CPU
		{30E6AB0B-B6B1-4A04-91DE-5DE55D4A70BC}.Release|Any CPU.Build.0 = Release|Any CPU
		{AD57F0ED-E3EC-4FF4-8EC6-0169E8816E8F}.Debug|Any CPU.ActiveCfg = Debug|Any CPU
		{AD57F0ED-E3EC-4FF4-8EC6-0169E8816E8F}.Debug|Any CPU.Build.0 = Debug|Any CPU
		{AD57F0ED-E3EC-4FF4-8EC6-0169E8816E8F}.Debug|Any CPU.Deploy.0 = Debug|Any CPU
		{AD57F0ED-E3EC-4FF4-8EC6-0169E8816E8F}.Deploy|Any CPU.ActiveCfg = Release|Any CPU
		{AD57F0ED-E3EC-4FF4-8EC6-0169E8816E8F}.Release|Any CPU.ActiveCfg = Release|Any CPU
		{AD57F0ED-E3EC-4FF4-8EC6-0169E8816E8F}.Release|Any CPU.Build.0 = Release|Any CPU
		{AD57F0ED-E3EC-4FF4-8EC6-0169E8816E8F}.Release|Any CPU.Deploy.0 = Release|Any CPU
		{B4E3269A-4415-4F65-9F8E-0EE627152DDE}.Debug|Any CPU.ActiveCfg = Debug|x86
		{B4E3269A-4415-4F65-9F8E-0EE627152DDE}.Debug|Any CPU.Build.0 = Debug|x86
		{B4E3269A-4415-4F65-9F8E-0EE627152DDE}.Debug|Any CPU.Deploy.0 = Debug|x86
		{B4E3269A-4415-4F65-9F8E-0EE627152DDE}.Deploy|Any CPU.ActiveCfg = Release|x86
		{B4E3269A-4415-4F65-9F8E-0EE627152DDE}.Release|Any CPU.ActiveCfg = Release|x86
		{B4E3269A-4415-4F65-9F8E-0EE627152DDE}.Release|Any CPU.Build.0 = Release|x86
		{B4E3269A-4415-4F65-9F8E-0EE627152DDE}.Release|Any CPU.Deploy.0 = Release|x86
		{A398F08A-E1BC-4B37-A5BF-EDCE1F6F3597}.Debug|Any CPU.ActiveCfg = Debug|Any CPU
		{A398F08A-E1BC-4B37-A5BF-EDCE1F6F3597}.Debug|Any CPU.Build.0 = Debug|Any CPU
		{A398F08A-E1BC-4B37-A5BF-EDCE1F6F3597}.Deploy|Any CPU.ActiveCfg = Release|Any CPU
		{A398F08A-E1BC-4B37-A5BF-EDCE1F6F3597}.Deploy|Any CPU.Build.0 = Release|Any CPU
		{A398F08A-E1BC-4B37-A5BF-EDCE1F6F3597}.Release|Any CPU.ActiveCfg = Release|Any CPU
		{A398F08A-E1BC-4B37-A5BF-EDCE1F6F3597}.Release|Any CPU.Build.0 = Release|Any CPU
		{D1E9768F-D04E-464A-ABFD-D07F207366A3}.Debug|Any CPU.ActiveCfg = Debug|Any CPU
		{D1E9768F-D04E-464A-ABFD-D07F207366A3}.Debug|Any CPU.Build.0 = Debug|Any CPU
		{D1E9768F-D04E-464A-ABFD-D07F207366A3}.Debug|Any CPU.Deploy.0 = Debug|Any CPU
		{D1E9768F-D04E-464A-ABFD-D07F207366A3}.Deploy|Any CPU.ActiveCfg = Release|Any CPU
		{D1E9768F-D04E-464A-ABFD-D07F207366A3}.Release|Any CPU.ActiveCfg = Release|Any CPU
		{D1E9768F-D04E-464A-ABFD-D07F207366A3}.Release|Any CPU.Build.0 = Release|Any CPU
		{D1E9768F-D04E-464A-ABFD-D07F207366A3}.Release|Any CPU.Deploy.0 = Release|Any CPU
		{F4FFFF5D-0558-4828-9F13-D596515C89C0}.Debug|Any CPU.ActiveCfg = Debug|Any CPU
		{F4FFFF5D-0558-4828-9F13-D596515C89C0}.Debug|Any CPU.Build.0 = Debug|Any CPU
		{F4FFFF5D-0558-4828-9F13-D596515C89C0}.Deploy|Any CPU.ActiveCfg = Release|Any CPU
		{F4FFFF5D-0558-4828-9F13-D596515C89C0}.Deploy|Any CPU.Build.0 = Release|Any CPU
		{F4FFFF5D-0558-4828-9F13-D596515C89C0}.Release|Any CPU.ActiveCfg = Release|Any CPU
		{F4FFFF5D-0558-4828-9F13-D596515C89C0}.Release|Any CPU.Build.0 = Release|Any CPU
		{A121D686-CFC4-4A9D-AF55-D9CB1BF0DCDF}.Debug|Any CPU.ActiveCfg = Debug|Any CPU
		{A121D686-CFC4-4A9D-AF55-D9CB1BF0DCDF}.Debug|Any CPU.Build.0 = Debug|Any CPU
		{A121D686-CFC4-4A9D-AF55-D9CB1BF0DCDF}.Deploy|Any CPU.ActiveCfg = Release|Any CPU
		{A121D686-CFC4-4A9D-AF55-D9CB1BF0DCDF}.Deploy|Any CPU.Build.0 = Release|Any CPU
		{A121D686-CFC4-4A9D-AF55-D9CB1BF0DCDF}.Release|Any CPU.ActiveCfg = Release|Any CPU
		{A121D686-CFC4-4A9D-AF55-D9CB1BF0DCDF}.Release|Any CPU.Build.0 = Release|Any CPU
		{E0D9A574-FA78-4F7C-9216-9D79B8B61E9B}.Debug|Any CPU.ActiveCfg = Debug|x86
		{E0D9A574-FA78-4F7C-9216-9D79B8B61E9B}.Debug|Any CPU.Build.0 = Debug|x86
		{E0D9A574-FA78-4F7C-9216-9D79B8B61E9B}.Debug|Any CPU.Deploy.0 = Debug|x86
		{E0D9A574-FA78-4F7C-9216-9D79B8B61E9B}.Deploy|Any CPU.ActiveCfg = Release|x86
		{E0D9A574-FA78-4F7C-9216-9D79B8B61E9B}.Release|Any CPU.ActiveCfg = Release|x86
		{E0D9A574-FA78-4F7C-9216-9D79B8B61E9B}.Release|Any CPU.Build.0 = Release|x86
		{E0D9A574-FA78-4F7C-9216-9D79B8B61E9B}.Release|Any CPU.Deploy.0 = Release|x86
		{97DAD547-52EA-4F8D-87FA-C78A87C98BB7}.Debug|Any CPU.ActiveCfg = Debug|Any CPU
		{97DAD547-52EA-4F8D-87FA-C78A87C98BB7}.Debug|Any CPU.Build.0 = Debug|Any CPU
		{97DAD547-52EA-4F8D-87FA-C78A87C98BB7}.Deploy|Any CPU.ActiveCfg = Release|Any CPU
		{97DAD547-52EA-4F8D-87FA-C78A87C98BB7}.Release|Any CPU.ActiveCfg = Release|Any CPU
		{97DAD547-52EA-4F8D-87FA-C78A87C98BB7}.Release|Any CPU.Build.0 = Release|Any CPU
		{F1C545B2-0563-4F9C-8C32-498D4FF0C42B}.Debug|Any CPU.ActiveCfg = Debug|Any CPU
		{F1C545B2-0563-4F9C-8C32-498D4FF0C42B}.Debug|Any CPU.Build.0 = Debug|Any CPU
		{F1C545B2-0563-4F9C-8C32-498D4FF0C42B}.Deploy|Any CPU.ActiveCfg = Release|Any CPU
		{F1C545B2-0563-4F9C-8C32-498D4FF0C42B}.Release|Any CPU.ActiveCfg = Release|Any CPU
		{F1C545B2-0563-4F9C-8C32-498D4FF0C42B}.Release|Any CPU.Build.0 = Release|Any CPU
		{9E761F7C-A91A-4F00-9ED1-3F01EC012453}.Debug|Any CPU.ActiveCfg = Debug|Any CPU
		{9E761F7C-A91A-4F00-9ED1-3F01EC012453}.Debug|Any CPU.Build.0 = Debug|Any CPU
		{9E761F7C-A91A-4F00-9ED1-3F01EC012453}.Deploy|Any CPU.ActiveCfg = Release|Any CPU
		{9E761F7C-A91A-4F00-9ED1-3F01EC012453}.Release|Any CPU.ActiveCfg = Release|Any CPU
		{9E761F7C-A91A-4F00-9ED1-3F01EC012453}.Release|Any CPU.Build.0 = Release|Any CPU
		{BB8683C4-33FC-4303-815F-316CDA4D5465}.Debug|Any CPU.ActiveCfg = Debug|Any CPU
		{BB8683C4-33FC-4303-815F-316CDA4D5465}.Debug|Any CPU.Build.0 = Debug|Any CPU
		{BB8683C4-33FC-4303-815F-316CDA4D5465}.Deploy|Any CPU.ActiveCfg = Release|Any CPU
		{BB8683C4-33FC-4303-815F-316CDA4D5465}.Release|Any CPU.ActiveCfg = Release|Any CPU
		{BB8683C4-33FC-4303-815F-316CDA4D5465}.Release|Any CPU.Build.0 = Release|Any CPU
		{018CABD4-DAD9-441F-AB2D-34C88254F7BB}.Debug|Any CPU.ActiveCfg = Debug|Any CPU
		{018CABD4-DAD9-441F-AB2D-34C88254F7BB}.Debug|Any CPU.Build.0 = Debug|Any CPU
		{018CABD4-DAD9-441F-AB2D-34C88254F7BB}.Deploy|Any CPU.ActiveCfg = Release|Any CPU
		{018CABD4-DAD9-441F-AB2D-34C88254F7BB}.Release|Any CPU.ActiveCfg = Release|Any CPU
		{018CABD4-DAD9-441F-AB2D-34C88254F7BB}.Release|Any CPU.Build.0 = Release|Any CPU
		{1E5EDFFF-C231-48BB-941D-32D3B20B1C47}.Debug|Any CPU.ActiveCfg = Debug|Any CPU
		{1E5EDFFF-C231-48BB-941D-32D3B20B1C47}.Debug|Any CPU.Build.0 = Debug|Any CPU
		{1E5EDFFF-C231-48BB-941D-32D3B20B1C47}.Deploy|Any CPU.ActiveCfg = Release|Any CPU
		{1E5EDFFF-C231-48BB-941D-32D3B20B1C47}.Deploy|Any CPU.Build.0 = Release|Any CPU
		{1E5EDFFF-C231-48BB-941D-32D3B20B1C47}.Release|Any CPU.ActiveCfg = Release|Any CPU
		{1E5EDFFF-C231-48BB-941D-32D3B20B1C47}.Release|Any CPU.Build.0 = Release|Any CPU
		{2D7A74B5-0089-4FF3-BE7C-515B691B008B}.Debug|Any CPU.ActiveCfg = Debug|Any CPU
		{2D7A74B5-0089-4FF3-BE7C-515B691B008B}.Debug|Any CPU.Build.0 = Debug|Any CPU
		{2D7A74B5-0089-4FF3-BE7C-515B691B008B}.Deploy|Any CPU.ActiveCfg = Release|Any CPU
		{2D7A74B5-0089-4FF3-BE7C-515B691B008B}.Deploy|Any CPU.Build.0 = Release|Any CPU
		{2D7A74B5-0089-4FF3-BE7C-515B691B008B}.Release|Any CPU.ActiveCfg = Release|Any CPU
		{2D7A74B5-0089-4FF3-BE7C-515B691B008B}.Release|Any CPU.Build.0 = Release|Any CPU
		{67F9D3A8-F71E-4428-913F-C37AE82CDB24}.Debug|Any CPU.ActiveCfg = Debug|Any CPU
		{67F9D3A8-F71E-4428-913F-C37AE82CDB24}.Debug|Any CPU.Build.0 = Debug|Any CPU
		{67F9D3A8-F71E-4428-913F-C37AE82CDB24}.Deploy|Any CPU.ActiveCfg = Release|Any CPU
		{67F9D3A8-F71E-4428-913F-C37AE82CDB24}.Deploy|Any CPU.Build.0 = Release|Any CPU
		{67F9D3A8-F71E-4428-913F-C37AE82CDB24}.Release|Any CPU.ActiveCfg = Release|Any CPU
		{67F9D3A8-F71E-4428-913F-C37AE82CDB24}.Release|Any CPU.Build.0 = Release|Any CPU
		{BE219E7A-620D-4149-9637-131783C4CEDC}.Debug|Any CPU.ActiveCfg = Debug|Any CPU
		{BE219E7A-620D-4149-9637-131783C4CEDC}.Debug|Any CPU.Build.0 = Debug|Any CPU
		{BE219E7A-620D-4149-9637-131783C4CEDC}.Deploy|Any CPU.ActiveCfg = Release|Any CPU
		{BE219E7A-620D-4149-9637-131783C4CEDC}.Release|Any CPU.ActiveCfg = Release|Any CPU
		{BE219E7A-620D-4149-9637-131783C4CEDC}.Release|Any CPU.Build.0 = Release|Any CPU
		{F67018EC-4798-4778-BD88-8B115CA29A0D}.Debug|Any CPU.ActiveCfg = Debug|Any CPU
		{F67018EC-4798-4778-BD88-8B115CA29A0D}.Debug|Any CPU.Build.0 = Debug|Any CPU
		{F67018EC-4798-4778-BD88-8B115CA29A0D}.Deploy|Any CPU.ActiveCfg = Release|Any CPU
		{F67018EC-4798-4778-BD88-8B115CA29A0D}.Release|Any CPU.ActiveCfg = Release|Any CPU
		{F67018EC-4798-4778-BD88-8B115CA29A0D}.Release|Any CPU.Build.0 = Release|Any CPU
		{6F0EF4DE-FAB7-4A6D-9ED7-4886DFD57557}.Debug|Any CPU.ActiveCfg = Debug|Any CPU
		{6F0EF4DE-FAB7-4A6D-9ED7-4886DFD57557}.Debug|Any CPU.Build.0 = Debug|Any CPU
		{6F0EF4DE-FAB7-4A6D-9ED7-4886DFD57557}.Deploy|Any CPU.ActiveCfg = Release|Any CPU
		{6F0EF4DE-FAB7-4A6D-9ED7-4886DFD57557}.Release|Any CPU.ActiveCfg = Release|Any CPU
		{6F0EF4DE-FAB7-4A6D-9ED7-4886DFD57557}.Release|Any CPU.Build.0 = Release|Any CPU
	EndGlobalSection
	GlobalSection(SolutionProperties) = preSolution
		HideSolutionNode = FALSE
	EndGlobalSection
	GlobalSection(NestedProjects) = preSolution
		{0119133B-D40A-49B5-B185-68E883A23779} = {3BFD11C5-EFD8-40E8-82EC-E3FA9B433E57}
		{F0AB26E1-13EC-4883-BAC8-4B6CD2557905} = {3BFD11C5-EFD8-40E8-82EC-E3FA9B433E57}
		{1EBA2451-C372-4BF9-B6EF-DD1E603C5F52} = {065ECD0B-E95E-4575-9A9F-087DBA2F7464}
		{9064CC14-B0A0-43E2-89D0-4E2995B6339C} = {31F30E1D-A789-4434-8B51-265E9B4646A6}
		{60F7BD8E-712A-427A-B7E1-378AB275131B} = {31F30E1D-A789-4434-8B51-265E9B4646A6}
		{30E6AB0B-B6B1-4A04-91DE-5DE55D4A70BC} = {065ECD0B-E95E-4575-9A9F-087DBA2F7464}
		{15FB086D-8A41-4931-8D1F-DA0D673E2C23} = {3BFD11C5-EFD8-40E8-82EC-E3FA9B433E57}
		{AD57F0ED-E3EC-4FF4-8EC6-0169E8816E8F} = {31F30E1D-A789-4434-8B51-265E9B4646A6}
		{B4E3269A-4415-4F65-9F8E-0EE627152DDE} = {31F30E1D-A789-4434-8B51-265E9B4646A6}
		{A398F08A-E1BC-4B37-A5BF-EDCE1F6F3597} = {3BFD11C5-EFD8-40E8-82EC-E3FA9B433E57}
		{D1E9768F-D04E-464A-ABFD-D07F207366A3} = {31F30E1D-A789-4434-8B51-265E9B4646A6}
		{F4FFFF5D-0558-4828-9F13-D596515C89C0} = {3BFD11C5-EFD8-40E8-82EC-E3FA9B433E57}
		{A121D686-CFC4-4A9D-AF55-D9CB1BF0DCDF} = {3BFD11C5-EFD8-40E8-82EC-E3FA9B433E57}
		{E0D9A574-FA78-4F7C-9216-9D79B8B61E9B} = {065ECD0B-E95E-4575-9A9F-087DBA2F7464}
		{97DAD547-52EA-4F8D-87FA-C78A87C98BB7} = {065ECD0B-E95E-4575-9A9F-087DBA2F7464}
		{F1C545B2-0563-4F9C-8C32-498D4FF0C42B} = {065ECD0B-E95E-4575-9A9F-087DBA2F7464}
		{9E761F7C-A91A-4F00-9ED1-3F01EC012453} = {065ECD0B-E95E-4575-9A9F-087DBA2F7464}
		{BB8683C4-33FC-4303-815F-316CDA4D5465} = {065ECD0B-E95E-4575-9A9F-087DBA2F7464}
		{018CABD4-DAD9-441F-AB2D-34C88254F7BB} = {065ECD0B-E95E-4575-9A9F-087DBA2F7464}
		{1E5EDFFF-C231-48BB-941D-32D3B20B1C47} = {1B22680A-768D-4410-9123-37E3AB79E554}
		{2D7A74B5-0089-4FF3-BE7C-515B691B008B} = {1B22680A-768D-4410-9123-37E3AB79E554}
		{67F9D3A8-F71E-4428-913F-C37AE82CDB24} = {1B22680A-768D-4410-9123-37E3AB79E554}
		{BE219E7A-620D-4149-9637-131783C4CEDC} = {4278E221-78C0-4647-87F7-4E1BA79AB546}
		{F67018EC-4798-4778-BD88-8B115CA29A0D} = {4278E221-78C0-4647-87F7-4E1BA79AB546}
		{6F0EF4DE-FAB7-4A6D-9ED7-4886DFD57557} = {4278E221-78C0-4647-87F7-4E1BA79AB546}
		{1B22680A-768D-4410-9123-37E3AB79E554} = {3BFD11C5-EFD8-40E8-82EC-E3FA9B433E57}
		{4278E221-78C0-4647-87F7-4E1BA79AB546} = {31F30E1D-A789-4434-8B51-265E9B4646A6}
	EndGlobalSection
EndGlobal
