
Microsoft Visual Studio Solution File, Format Version 12.00
# Visual Studio 2013
VisualStudioVersion = 12.0.40418.0
MinimumVisualStudioVersion = 10.0.40219.1
Project("{FAE04EC0-301F-11D3-BF4B-00C04F79EFBC}") = "NReact.Csx", "NReact.Csx\NReact.Csx.csproj", "{15580D90-F98C-4526-A715-57998FA083F1}"
EndProject
Project("{2150E333-8FDC-42A3-9474-1A3956D46DE8}") = "tools", "tools", "{4FAB013F-7701-48FD-9DB9-2EF2C0B0B314}"
	ProjectSection(SolutionItems) = preProject
		tools\NReact.targets = tools\NReact.targets
	EndProjectSection
EndProject
Global
	GlobalSection(SolutionConfigurationPlatforms) = preSolution
		Debug|Any CPU = Debug|Any CPU
		Release|Any CPU = Release|Any CPU
	EndGlobalSection
	GlobalSection(ProjectConfigurationPlatforms) = postSolution
		{15580D90-F98C-4526-A715-57998FA083F1}.Debug|Any CPU.ActiveCfg = Debug|Any CPU
		{15580D90-F98C-4526-A715-57998FA083F1}.Debug|Any CPU.Build.0 = Debug|Any CPU
		{15580D90-F98C-4526-A715-57998FA083F1}.Release|Any CPU.ActiveCfg = Release|Any CPU
		{15580D90-F98C-4526-A715-57998FA083F1}.Release|Any CPU.Build.0 = Release|Any CPU
	EndGlobalSection
	GlobalSection(SolutionProperties) = preSolution
		HideSolutionNode = FALSE
	EndGlobalSection
	GlobalSection(NestedProjects) = preSolution
		{15580D90-F98C-4526-A715-57998FA083F1} = {4FAB013F-7701-48FD-9DB9-2EF2C0B0B314}
	EndGlobalSection
EndGlobal
