
Microsoft Visual Studio Solution File, Format Version 12.00
# Visual Studio 14
VisualStudioVersion = 14.0.22823.1
MinimumVisualStudioVersion = 10.0.40219.1
Project("{FAE04EC0-301F-11D3-BF4B-00C04F79EFBC}") = "NReact.Csx", "NReact.Csx\NReact.Csx.csproj", "{15580D90-F98C-4526-A715-57998FA083F1}"
EndProject
Project("{FAE04EC0-301F-11D3-BF4B-00C04F79EFBC}") = "NReact.Demo.Phone", "NReact.Demo.Phone\NReact.Demo.Phone.csproj", "{81D124F1-1170-4E84-AF46-1BDBAB12E273}"
EndProject
Project("{FAE04EC0-301F-11D3-BF4B-00C04F79EFBC}") = "NReact.SL", "NReact\NReact.SL.csproj", "{99A41F2B-733F-4F5A-8FE6-8C678CC87998}"
	ProjectSection(ProjectDependencies) = postProject
		{15580D90-F98C-4526-A715-57998FA083F1} = {15580D90-F98C-4526-A715-57998FA083F1}
	EndProjectSection
EndProject
Project("{2150E333-8FDC-42A3-9474-1A3956D46DE8}") = "lib", "lib", "{D141D760-62B5-48F7-8CE2-97CD54CB52D2}"
EndProject
Project("{FAE04EC0-301F-11D3-BF4B-00C04F79EFBC}") = "NReact.Wpf", "NReact\NReact.Wpf.csproj", "{465032A5-8E02-4529-9E1D-CAED08FEE21B}"
	ProjectSection(ProjectDependencies) = postProject
		{15580D90-F98C-4526-A715-57998FA083F1} = {15580D90-F98C-4526-A715-57998FA083F1}
	EndProjectSection
EndProject
Project("{FAE04EC0-301F-11D3-BF4B-00C04F79EFBC}") = "NReact.Xaml", "NReact\NReact.Xaml.csproj", "{0EA91CC3-5184-435D-AC7D-6D835B5BB22C}"
	ProjectSection(ProjectDependencies) = postProject
		{15580D90-F98C-4526-A715-57998FA083F1} = {15580D90-F98C-4526-A715-57998FA083F1}
	EndProjectSection
EndProject
Project("{2150E333-8FDC-42A3-9474-1A3956D46DE8}") = "tools", "tools", "{4FAB013F-7701-48FD-9DB9-2EF2C0B0B314}"
EndProject
Project("{2150E333-8FDC-42A3-9474-1A3956D46DE8}") = "demos", "demos", "{F329F383-42B4-4BBC-BD79-C29B05C516F3}"
EndProject
Project("{FAE04EC0-301F-11D3-BF4B-00C04F79EFBC}") = "NReact.Demo.SL", "NReact.Demo.SL\NReact.Demo.SL.csproj", "{A6EC3E6E-B601-4EEC-81F8-B1D02F69A1FF}"
EndProject
Project("{FAE04EC0-301F-11D3-BF4B-00C04F79EFBC}") = "NReact.Demo.Wpf", "NReact.Demo.Wpf\NReact.Demo.Wpf.csproj", "{1EE7F7F5-A4E9-4357-964E-1C6426547057}"
EndProject
Project("{FAE04EC0-301F-11D3-BF4B-00C04F79EFBC}") = "NReact.Demo.Xaml", "NReact.Demo.Xaml\NReact.Demo.Xaml.csproj", "{46D4494D-80BC-4D14-88D2-4F62AB0326ED}"
EndProject
Project("{FAE04EC0-301F-11D3-BF4B-00C04F79EFBC}") = "Dynamics", "Dynamics\Dynamics.csproj", "{0FBF9D03-09A4-4158-8190-7BA2805A3CA7}"
EndProject
Project("{FAE04EC0-301F-11D3-BF4B-00C04F79EFBC}") = "1. Timer.Wpf", "demos\1. Timer.Wpf\1. Timer.Wpf.csproj", "{F1C545B2-0563-4F9C-8C32-498D4FF0C42B}"
EndProject
Project("{FAE04EC0-301F-11D3-BF4B-00C04F79EFBC}") = "2. MenuExample.Wpf", "demos\2. MenuExample.Wpf\2. MenuExample.Wpf.csproj", "{9E761F7C-A91A-4F00-9ED1-3F01EC012453}"
EndProject
Global
	GlobalSection(SolutionConfigurationPlatforms) = preSolution
		Debug|Any CPU = Debug|Any CPU
		Release|Any CPU = Release|Any CPU
	EndGlobalSection
	GlobalSection(ProjectConfigurationPlatforms) = postSolution
		{15580D90-F98C-4526-A715-57998FA083F1}.Debug|Any CPU.ActiveCfg = Debug|Any CPU
		{15580D90-F98C-4526-A715-57998FA083F1}.Release|Any CPU.ActiveCfg = Release|Any CPU
		{81D124F1-1170-4E84-AF46-1BDBAB12E273}.Debug|Any CPU.ActiveCfg = Debug|Any CPU
		{81D124F1-1170-4E84-AF46-1BDBAB12E273}.Debug|Any CPU.Build.0 = Debug|Any CPU
		{81D124F1-1170-4E84-AF46-1BDBAB12E273}.Debug|Any CPU.Deploy.0 = Debug|Any CPU
		{81D124F1-1170-4E84-AF46-1BDBAB12E273}.Release|Any CPU.ActiveCfg = Release|Any CPU
		{81D124F1-1170-4E84-AF46-1BDBAB12E273}.Release|Any CPU.Build.0 = Release|Any CPU
		{81D124F1-1170-4E84-AF46-1BDBAB12E273}.Release|Any CPU.Deploy.0 = Release|Any CPU
		{99A41F2B-733F-4F5A-8FE6-8C678CC87998}.Debug|Any CPU.ActiveCfg = Debug|Any CPU
		{99A41F2B-733F-4F5A-8FE6-8C678CC87998}.Debug|Any CPU.Build.0 = Debug|Any CPU
		{99A41F2B-733F-4F5A-8FE6-8C678CC87998}.Release|Any CPU.ActiveCfg = Release|Any CPU
		{99A41F2B-733F-4F5A-8FE6-8C678CC87998}.Release|Any CPU.Build.0 = Release|Any CPU
		{465032A5-8E02-4529-9E1D-CAED08FEE21B}.Debug|Any CPU.ActiveCfg = Debug|Any CPU
		{465032A5-8E02-4529-9E1D-CAED08FEE21B}.Debug|Any CPU.Build.0 = Debug|Any CPU
		{465032A5-8E02-4529-9E1D-CAED08FEE21B}.Release|Any CPU.ActiveCfg = Release|Any CPU
		{465032A5-8E02-4529-9E1D-CAED08FEE21B}.Release|Any CPU.Build.0 = Release|Any CPU
		{0EA91CC3-5184-435D-AC7D-6D835B5BB22C}.Debug|Any CPU.ActiveCfg = Debug|Any CPU
		{0EA91CC3-5184-435D-AC7D-6D835B5BB22C}.Debug|Any CPU.Build.0 = Debug|Any CPU
		{0EA91CC3-5184-435D-AC7D-6D835B5BB22C}.Release|Any CPU.ActiveCfg = Release|Any CPU
		{0EA91CC3-5184-435D-AC7D-6D835B5BB22C}.Release|Any CPU.Build.0 = Release|Any CPU
		{A6EC3E6E-B601-4EEC-81F8-B1D02F69A1FF}.Debug|Any CPU.ActiveCfg = Debug|Any CPU
		{A6EC3E6E-B601-4EEC-81F8-B1D02F69A1FF}.Debug|Any CPU.Build.0 = Debug|Any CPU
		{A6EC3E6E-B601-4EEC-81F8-B1D02F69A1FF}.Release|Any CPU.ActiveCfg = Release|Any CPU
		{A6EC3E6E-B601-4EEC-81F8-B1D02F69A1FF}.Release|Any CPU.Build.0 = Release|Any CPU
		{1EE7F7F5-A4E9-4357-964E-1C6426547057}.Debug|Any CPU.ActiveCfg = Debug|Any CPU
		{1EE7F7F5-A4E9-4357-964E-1C6426547057}.Debug|Any CPU.Build.0 = Debug|Any CPU
		{1EE7F7F5-A4E9-4357-964E-1C6426547057}.Release|Any CPU.ActiveCfg = Release|Any CPU
		{1EE7F7F5-A4E9-4357-964E-1C6426547057}.Release|Any CPU.Build.0 = Release|Any CPU
		{46D4494D-80BC-4D14-88D2-4F62AB0326ED}.Debug|Any CPU.ActiveCfg = Debug|Any CPU
		{46D4494D-80BC-4D14-88D2-4F62AB0326ED}.Debug|Any CPU.Build.0 = Debug|Any CPU
		{46D4494D-80BC-4D14-88D2-4F62AB0326ED}.Debug|Any CPU.Deploy.0 = Debug|Any CPU
		{46D4494D-80BC-4D14-88D2-4F62AB0326ED}.Release|Any CPU.ActiveCfg = Release|Any CPU
		{46D4494D-80BC-4D14-88D2-4F62AB0326ED}.Release|Any CPU.Build.0 = Release|Any CPU
		{46D4494D-80BC-4D14-88D2-4F62AB0326ED}.Release|Any CPU.Deploy.0 = Release|Any CPU
		{0FBF9D03-09A4-4158-8190-7BA2805A3CA7}.Debug|Any CPU.ActiveCfg = Debug|Any CPU
		{0FBF9D03-09A4-4158-8190-7BA2805A3CA7}.Debug|Any CPU.Build.0 = Debug|Any CPU
		{0FBF9D03-09A4-4158-8190-7BA2805A3CA7}.Release|Any CPU.ActiveCfg = Release|Any CPU
		{0FBF9D03-09A4-4158-8190-7BA2805A3CA7}.Release|Any CPU.Build.0 = Release|Any CPU
		{F1C545B2-0563-4F9C-8C32-498D4FF0C42B}.Debug|Any CPU.ActiveCfg = Debug|Any CPU
		{F1C545B2-0563-4F9C-8C32-498D4FF0C42B}.Debug|Any CPU.Build.0 = Debug|Any CPU
		{F1C545B2-0563-4F9C-8C32-498D4FF0C42B}.Release|Any CPU.ActiveCfg = Release|Any CPU
		{F1C545B2-0563-4F9C-8C32-498D4FF0C42B}.Release|Any CPU.Build.0 = Release|Any CPU
		{9E761F7C-A91A-4F00-9ED1-3F01EC012453}.Debug|Any CPU.ActiveCfg = Debug|Any CPU
		{9E761F7C-A91A-4F00-9ED1-3F01EC012453}.Debug|Any CPU.Build.0 = Debug|Any CPU
		{9E761F7C-A91A-4F00-9ED1-3F01EC012453}.Release|Any CPU.ActiveCfg = Release|Any CPU
		{9E761F7C-A91A-4F00-9ED1-3F01EC012453}.Release|Any CPU.Build.0 = Release|Any CPU
	EndGlobalSection
	GlobalSection(SolutionProperties) = preSolution
		HideSolutionNode = FALSE
	EndGlobalSection
	GlobalSection(NestedProjects) = preSolution
		{15580D90-F98C-4526-A715-57998FA083F1} = {4FAB013F-7701-48FD-9DB9-2EF2C0B0B314}
		{81D124F1-1170-4E84-AF46-1BDBAB12E273} = {F329F383-42B4-4BBC-BD79-C29B05C516F3}
		{99A41F2B-733F-4F5A-8FE6-8C678CC87998} = {D141D760-62B5-48F7-8CE2-97CD54CB52D2}
		{465032A5-8E02-4529-9E1D-CAED08FEE21B} = {D141D760-62B5-48F7-8CE2-97CD54CB52D2}
		{0EA91CC3-5184-435D-AC7D-6D835B5BB22C} = {D141D760-62B5-48F7-8CE2-97CD54CB52D2}
		{A6EC3E6E-B601-4EEC-81F8-B1D02F69A1FF} = {F329F383-42B4-4BBC-BD79-C29B05C516F3}
		{1EE7F7F5-A4E9-4357-964E-1C6426547057} = {F329F383-42B4-4BBC-BD79-C29B05C516F3}
		{46D4494D-80BC-4D14-88D2-4F62AB0326ED} = {F329F383-42B4-4BBC-BD79-C29B05C516F3}
		{0FBF9D03-09A4-4158-8190-7BA2805A3CA7} = {F329F383-42B4-4BBC-BD79-C29B05C516F3}
		{F1C545B2-0563-4F9C-8C32-498D4FF0C42B} = {F329F383-42B4-4BBC-BD79-C29B05C516F3}
		{9E761F7C-A91A-4F00-9ED1-3F01EC012453} = {F329F383-42B4-4BBC-BD79-C29B05C516F3}
	EndGlobalSection
EndGlobal
