
Microsoft Visual Studio Solution File, Format Version 12.00
# Visual Studio 2013
VisualStudioVersion = 12.0.40418.0
MinimumVisualStudioVersion = 10.0.40219.1
Project("{FAE04EC0-301F-11D3-BF4B-00C04F79EFBC}") = "CompareList", "CompareList\CompareList.csproj", "{385232C9-EBEC-48B2-8918-69A1CDFB50E3}"
EndProject
Project("{FAE04EC0-301F-11D3-BF4B-00C04F79EFBC}") = "CompareList.Tests", "CompareListTests\CompareList.Tests.csproj", "{2CD97AA5-B86F-48F5-BE74-41BF0314FED7}"
EndProject
Global
	GlobalSection(SolutionConfigurationPlatforms) = preSolution
		Debug|Any CPU = Debug|Any CPU
		Release|Any CPU = Release|Any CPU
	EndGlobalSection
	GlobalSection(ProjectConfigurationPlatforms) = postSolution
		{385232C9-EBEC-48B2-8918-69A1CDFB50E3}.Debug|Any CPU.ActiveCfg = Debug|Any CPU
		{385232C9-EBEC-48B2-8918-69A1CDFB50E3}.Debug|Any CPU.Build.0 = Debug|Any CPU
		{385232C9-EBEC-48B2-8918-69A1CDFB50E3}.Release|Any CPU.ActiveCfg = Release|Any CPU
		{385232C9-EBEC-48B2-8918-69A1CDFB50E3}.Release|Any CPU.Build.0 = Release|Any CPU
		{2CD97AA5-B86F-48F5-BE74-41BF0314FED7}.Debug|Any CPU.ActiveCfg = Debug|Any CPU
		{2CD97AA5-B86F-48F5-BE74-41BF0314FED7}.Debug|Any CPU.Build.0 = Debug|Any CPU
		{2CD97AA5-B86F-48F5-BE74-41BF0314FED7}.Release|Any CPU.ActiveCfg = Release|Any CPU
		{2CD97AA5-B86F-48F5-BE74-41BF0314FED7}.Release|Any CPU.Build.0 = Release|Any CPU
	EndGlobalSection
	GlobalSection(SolutionProperties) = preSolution
		HideSolutionNode = FALSE
	EndGlobalSection
EndGlobal
